
Microsoft Visual Studio Solution File, Format Version 12.00
# Visual Studio Version 17
VisualStudioVersion = 17.5.33502.453
MinimumVisualStudioVersion = 10.0.40219.1
Project("{9A19103F-16F7-4668-BE54-9A1E7A4F7556}") = "WildNature_Back", "WildNature_Back.csproj", "{4A4609C4-78B9-4F59-B82D-B27BDCC8B1CA}"
EndProject
Global
	GlobalSection(SolutionConfigurationPlatforms) = preSolution
		Debug|Any CPU = Debug|Any CPU
		Release|Any CPU = Release|Any CPU
	EndGlobalSection
	GlobalSection(ProjectConfigurationPlatforms) = postSolution
		{4A4609C4-78B9-4F59-B82D-B27BDCC8B1CA}.Debug|Any CPU.ActiveCfg = Debug|Any CPU
		{4A4609C4-78B9-4F59-B82D-B27BDCC8B1CA}.Debug|Any CPU.Build.0 = Debug|Any CPU
		{4A4609C4-78B9-4F59-B82D-B27BDCC8B1CA}.Release|Any CPU.ActiveCfg = Release|Any CPU
		{4A4609C4-78B9-4F59-B82D-B27BDCC8B1CA}.Release|Any CPU.Build.0 = Release|Any CPU
	EndGlobalSection
	GlobalSection(SolutionProperties) = preSolution
		HideSolutionNode = FALSE
	EndGlobalSection
	GlobalSection(ExtensibilityGlobals) = postSolution
		SolutionGuid = {5706EA54-6086-4991-94B1-388230684868}
	EndGlobalSection
EndGlobal
